
Microsoft Visual Studio Solution File, Format Version 12.00
# Visual Studio 2012
Project("{FAE04EC0-301F-11D3-BF4B-00C04F79EFBC}") = "exercise_7", "exercise_7\exercise_7.csproj", "{2E6E60F1-75D2-4F75-A40A-CE59C5E426FA}"
EndProject
Global
	GlobalSection(SolutionConfigurationPlatforms) = preSolution
		Debug|Any CPU = Debug|Any CPU
		Release|Any CPU = Release|Any CPU
	EndGlobalSection
	GlobalSection(ProjectConfigurationPlatforms) = postSolution
		{2E6E60F1-75D2-4F75-A40A-CE59C5E426FA}.Debug|Any CPU.ActiveCfg = Debug|Any CPU
		{2E6E60F1-75D2-4F75-A40A-CE59C5E426FA}.Debug|Any CPU.Build.0 = Debug|Any CPU
		{2E6E60F1-75D2-4F75-A40A-CE59C5E426FA}.Release|Any CPU.ActiveCfg = Release|Any CPU
		{2E6E60F1-75D2-4F75-A40A-CE59C5E426FA}.Release|Any CPU.Build.0 = Release|Any CPU
	EndGlobalSection
	GlobalSection(SolutionProperties) = preSolution
		HideSolutionNode = FALSE
	EndGlobalSection
EndGlobal
